<?xml version="1.0" encoding="utf-8"?>
<Project ToolsVersion="4.0" xmlns="http://schemas.microsoft.com/developer/msbuild/2003">
  <ItemGroup>
    <Filter Include="Fichiers sources">
      <UniqueIdentifier>{4FC737F1-C7A5-4376-A066-2A32D752A2FF}</UniqueIdentifier>
      <Extensions>cpp;c;cc;cxx;c++;cppm;ixx;def;odl;idl;hpj;bat;asm;asmx</Extensions>
    </Filter>
    <Filter Include="Fichiers d%27en-tête">
      <UniqueIdentifier>{93995380-89BD-4b04-88EB-625FBE52EBFB}</UniqueIdentifier>
      <Extensions>h;hh;hpp;hxx;h++;hm;inl;inc;ipp;xsd</Extensions>
    </Filter>
    <Filter Include="Fichiers de ressources">
      <UniqueIdentifier>{67DA6AB6-F800-4c08-8B7A-83BB121AAD01}</UniqueIdentifier>
      <Extensions>rc;ico;cur;bmp;dlg;rc2;rct;bin;rgs;gif;jpg;jpeg;jpe;resx;tiff;tif;png;wav;mfcribbon-ms</Extensions>
    </Filter>
    <Filter Include="Fichiers sources\imgui">
      <UniqueIdentifier>{a0912bda-6638-408b-98de-cf2bb769f3f7}</UniqueIdentifier>
    </Filter>
    <Filter Include="Fichiers d%27en-tête\imgui">
      <UniqueIdentifier>{428dfbed-392b-4793-a0c0-27aa00a4f21e}</UniqueIdentifier>
    </Filter>
    <Filter Include="Fichiers sources\Editors">
      <UniqueIdentifier>{f732958c-c7e3-474c-83fd-073809046f72}</UniqueIdentifier>
    </Filter>
    <Filter Include="Fichiers d%27en-tête\Editors">
      <UniqueIdentifier>{7364c6a2-2bed-4616-a603-3e63f3e071a5}</UniqueIdentifier>
    </Filter>
    <Filter Include="Fichiers sources\Logic">
      <UniqueIdentifier>{cf359283-b8e8-4db9-af8e-7b80004ac4bb}</UniqueIdentifier>
    </Filter>
    <Filter Include="Fichiers d%27en-tête\Logic">
      <UniqueIdentifier>{7b82f4f4-d9b7-4416-82e5-3a2d624bfaa7}</UniqueIdentifier>
    </Filter>
    <Filter Include="Fichiers d%27en-tête\Views">
      <UniqueIdentifier>{9f683427-6d7a-43f4-a048-e1a82d71bae3}</UniqueIdentifier>
    </Filter>
    <Filter Include="Fichiers sources\Views">
      <UniqueIdentifier>{c5b74753-f804-4846-bda6-3ac6f692af99}</UniqueIdentifier>
    </Filter>
  </ItemGroup>
  <ItemGroup>
    <ClCompile Include="main.cpp">
      <Filter>Fichiers sources</Filter>
    </ClCompile>
    <ClCompile Include="labyrinth_test.cpp">
      <Filter>Fichiers sources</Filter>
    </ClCompile>
    <ClCompile Include="entity.cpp">
      <Filter>Fichiers sources</Filter>
    </ClCompile>
    <ClCompile Include="imgui\imgui.cpp">
      <Filter>Fichiers sources\imgui</Filter>
    </ClCompile>
    <ClCompile Include="imgui\imgui_demo.cpp">
      <Filter>Fichiers sources\imgui</Filter>
    </ClCompile>
    <ClCompile Include="imgui\imgui_draw.cpp">
      <Filter>Fichiers sources\imgui</Filter>
    </ClCompile>
    <ClCompile Include="imgui\imgui_tables.cpp">
      <Filter>Fichiers sources\imgui</Filter>
    </ClCompile>
    <ClCompile Include="imgui\imgui_widgets.cpp">
      <Filter>Fichiers sources\imgui</Filter>
    </ClCompile>
    <ClCompile Include="imgui\imgui-SFML.cpp">
      <Filter>Fichiers sources\imgui</Filter>
    </ClCompile>
    <ClCompile Include="labyrinth_print.cpp">
      <Filter>Fichiers sources</Filter>
    </ClCompile>
    <ClCompile Include="runner.cpp">
      <Filter>Fichiers sources</Filter>
    </ClCompile>
    <ClCompile Include="brush_editor.cpp">
      <Filter>Fichiers sources\Editors</Filter>
    </ClCompile>
    <ClCompile Include="perspective_editor.cpp">
      <Filter>Fichiers sources\Editors</Filter>
    </ClCompile>
    <ClCompile Include="db_editor.cpp">
      <Filter>Fichiers sources\Editors</Filter>
    </ClCompile>
    <ClCompile Include="labyrinth_edit_view.cpp">
      <Filter>Fichiers sources\Editors</Filter>
    </ClCompile>
    <ClCompile Include="databases.cpp">
      <Filter>Fichiers sources\Logic</Filter>
    </ClCompile>
    <ClCompile Include="labyrinth.cpp">
      <Filter>Fichiers sources\Logic</Filter>
    </ClCompile>
    <ClCompile Include="labyrinth_pov.cpp">
      <Filter>Fichiers sources\Logic</Filter>
    </ClCompile>
    <ClCompile Include="shallow_entities.cpp">
      <Filter>Fichiers sources\Logic</Filter>
    </ClCompile>
    <ClCompile Include="brush.cpp">
      <Filter>Fichiers sources\Logic</Filter>
    </ClCompile>
    <ClCompile Include="game_state.cpp">
      <Filter>Fichiers sources\Logic</Filter>
    </ClCompile>
    <ClCompile Include="labyrinth_view.cpp">
      <Filter>Fichiers sources\Views</Filter>
    </ClCompile>
    <ClCompile Include="labyrinth_top_view.cpp">
      <Filter>Fichiers sources\Views</Filter>
    </ClCompile>
    <ClCompile Include="entity_editor.cpp">
      <Filter>Fichiers sources\Editors</Filter>
    </ClCompile>
    <ClCompile Include="static_view.cpp">
      <Filter>Fichiers sources\Views</Filter>
    </ClCompile>
    <ClCompile Include="imgui\imgui_stdlib.cpp">
      <Filter>Fichiers sources\imgui</Filter>
    </ClCompile>
    <ClCompile Include="imgui_utils.cpp">
      <Filter>Fichiers sources</Filter>
    </ClCompile>
    <ClCompile Include="labyrinth_background.cpp">
      <Filter>Fichiers sources\Logic</Filter>
    </ClCompile>
    <ClCompile Include="view_utils.cpp">
      <Filter>Fichiers sources\Views</Filter>
    </ClCompile>
    <ClCompile Include="common.cpp">
      <Filter>Fichiers sources</Filter>
    </ClCompile>
    <ClCompile Include="one_point_perspective.cpp">
      <Filter>Fichiers sources\Views</Filter>
    </ClCompile>
  </ItemGroup>
  <ItemGroup>
    <ClInclude Include="entity.h">
      <Filter>Fichiers d%27en-tête</Filter>
    </ClInclude>
    <ClInclude Include="imgui\imconfig.h">
      <Filter>Fichiers d%27en-tête\imgui</Filter>
    </ClInclude>
    <ClInclude Include="imgui\imgui.h">
      <Filter>Fichiers d%27en-tête\imgui</Filter>
    </ClInclude>
    <ClInclude Include="imgui\imgui-SFML.h">
      <Filter>Fichiers d%27en-tête\imgui</Filter>
    </ClInclude>
    <ClInclude Include="labyrinth_print.h">
      <Filter>Fichiers d%27en-tête</Filter>
    </ClInclude>
    <ClInclude Include="runner.h">
      <Filter>Fichiers d%27en-tête</Filter>
    </ClInclude>
    <ClInclude Include="perspective_editor.h">
      <Filter>Fichiers d%27en-tête\Editors</Filter>
    </ClInclude>
    <ClInclude Include="labyrinth_edit_view.h">
      <Filter>Fichiers d%27en-tête\Editors</Filter>
    </ClInclude>
    <ClInclude Include="db_editor.h">
      <Filter>Fichiers d%27en-tête\Editors</Filter>
    </ClInclude>
    <ClInclude Include="brush_editor.h">
      <Filter>Fichiers d%27en-tête\Editors</Filter>
    </ClInclude>
    <ClInclude Include="common.h">
      <Filter>Fichiers d%27en-tête\Logic</Filter>
    </ClInclude>
    <ClInclude Include="databases.h">
      <Filter>Fichiers d%27en-tête\Logic</Filter>
    </ClInclude>
    <ClInclude Include="game_state.h">
      <Filter>Fichiers d%27en-tête\Logic</Filter>
    </ClInclude>
    <ClInclude Include="labyrinth.h">
      <Filter>Fichiers d%27en-tête\Logic</Filter>
    </ClInclude>
    <ClInclude Include="labyrinth_pov.h">
      <Filter>Fichiers d%27en-tête\Logic</Filter>
    </ClInclude>
    <ClInclude Include="shallow_entities.h">
      <Filter>Fichiers d%27en-tête\Logic</Filter>
    </ClInclude>
    <ClInclude Include="labyrinth_top_view.h">
      <Filter>Fichiers d%27en-tête\Views</Filter>
    </ClInclude>
    <ClInclude Include="labyrinth_view.h">
      <Filter>Fichiers d%27en-tête\Views</Filter>
    </ClInclude>
    <ClInclude Include="entity_editor.h">
      <Filter>Fichiers d%27en-tête\Editors</Filter>
    </ClInclude>
    <ClInclude Include="static_view.h">
      <Filter>Fichiers d%27en-tête\Views</Filter>
    </ClInclude>
    <ClInclude Include="imgui\imgui_stdlib.h">
      <Filter>Fichiers d%27en-tête\imgui</Filter>
    </ClInclude>
    <ClInclude Include="brush.h">
      <Filter>Fichiers d%27en-tête\Logic</Filter>
    </ClInclude>
    <ClInclude Include="imgui_utils.h">
      <Filter>Fichiers d%27en-tête\Editors</Filter>
    </ClInclude>
    <ClInclude Include="labyrinth_background.h">
      <Filter>Fichiers d%27en-tête\Logic</Filter>
    </ClInclude>
    <ClInclude Include="view_utils.h">
      <Filter>Fichiers d%27en-tête\Views</Filter>
    </ClInclude>
    <ClInclude Include="one_point_perspective.h">
      <Filter>Fichiers d%27en-tête\Views</Filter>
    </ClInclude>
  </ItemGroup>
</Project>